
Microsoft Visual Studio Solution File, Format Version 12.00
# Visual Studio Version 16
VisualStudioVersion = 16.0.31205.134
MinimumVisualStudioVersion = 10.0.40219.1
Project("{FAE04EC0-301F-11D3-BF4B-00C04F79EFBC}") = "Generic_List", "Generic_List.csproj", "{BB7F0E1C-EEE4-408F-A108-0637B0A789BD}"
EndProject
Global
	GlobalSection(SolutionConfigurationPlatforms) = preSolution
		Debug|Any CPU = Debug|Any CPU
		Release|Any CPU = Release|Any CPU
	EndGlobalSection
	GlobalSection(ProjectConfigurationPlatforms) = postSolution
		{BB7F0E1C-EEE4-408F-A108-0637B0A789BD}.Debug|Any CPU.ActiveCfg = Debug|Any CPU
		{BB7F0E1C-EEE4-408F-A108-0637B0A789BD}.Debug|Any CPU.Build.0 = Debug|Any CPU
		{BB7F0E1C-EEE4-408F-A108-0637B0A789BD}.Release|Any CPU.ActiveCfg = Release|Any CPU
		{BB7F0E1C-EEE4-408F-A108-0637B0A789BD}.Release|Any CPU.Build.0 = Release|Any CPU
	EndGlobalSection
	GlobalSection(SolutionProperties) = preSolution
		HideSolutionNode = FALSE
	EndGlobalSection
	GlobalSection(ExtensibilityGlobals) = postSolution
		SolutionGuid = {84C3F426-774B-455D-95A0-A6C9D332777B}
	EndGlobalSection
EndGlobal
