
Microsoft Visual Studio Solution File, Format Version 12.00
# Visual Studio Version 16
VisualStudioVersion = 16.0.31205.134
MinimumVisualStudioVersion = 10.0.40219.1
Project("{FAE04EC0-301F-11D3-BF4B-00C04F79EFBC}") = "Generic_Stack", "Generic_Stack.csproj", "{8FBD5027-7FF5-4723-8688-7496FD2402FA}"
EndProject
Global
	GlobalSection(SolutionConfigurationPlatforms) = preSolution
		Debug|Any CPU = Debug|Any CPU
		Release|Any CPU = Release|Any CPU
	EndGlobalSection
	GlobalSection(ProjectConfigurationPlatforms) = postSolution
		{8FBD5027-7FF5-4723-8688-7496FD2402FA}.Debug|Any CPU.ActiveCfg = Debug|Any CPU
		{8FBD5027-7FF5-4723-8688-7496FD2402FA}.Debug|Any CPU.Build.0 = Debug|Any CPU
		{8FBD5027-7FF5-4723-8688-7496FD2402FA}.Release|Any CPU.ActiveCfg = Release|Any CPU
		{8FBD5027-7FF5-4723-8688-7496FD2402FA}.Release|Any CPU.Build.0 = Release|Any CPU
	EndGlobalSection
	GlobalSection(SolutionProperties) = preSolution
		HideSolutionNode = FALSE
	EndGlobalSection
	GlobalSection(ExtensibilityGlobals) = postSolution
		SolutionGuid = {5CF72C36-FE4E-4978-8FE0-9BAF7AC15E0C}
	EndGlobalSection
EndGlobal
