
Microsoft Visual Studio Solution File, Format Version 12.00
# Visual Studio Version 16
VisualStudioVersion = 16.0.31205.134
MinimumVisualStudioVersion = 10.0.40219.1
Project("{FAE04EC0-301F-11D3-BF4B-00C04F79EFBC}") = "Generic_Hashtable", "Generic_Hashtable.csproj", "{5C586DFB-0DAF-441D-B052-05449ED0A22B}"
EndProject
Global
	GlobalSection(SolutionConfigurationPlatforms) = preSolution
		Debug|Any CPU = Debug|Any CPU
		Release|Any CPU = Release|Any CPU
	EndGlobalSection
	GlobalSection(ProjectConfigurationPlatforms) = postSolution
		{5C586DFB-0DAF-441D-B052-05449ED0A22B}.Debug|Any CPU.ActiveCfg = Debug|Any CPU
		{5C586DFB-0DAF-441D-B052-05449ED0A22B}.Debug|Any CPU.Build.0 = Debug|Any CPU
		{5C586DFB-0DAF-441D-B052-05449ED0A22B}.Release|Any CPU.ActiveCfg = Release|Any CPU
		{5C586DFB-0DAF-441D-B052-05449ED0A22B}.Release|Any CPU.Build.0 = Release|Any CPU
	EndGlobalSection
	GlobalSection(SolutionProperties) = preSolution
		HideSolutionNode = FALSE
	EndGlobalSection
	GlobalSection(ExtensibilityGlobals) = postSolution
		SolutionGuid = {6D9B167F-EF62-49B6-81F5-7C48374EDD12}
	EndGlobalSection
EndGlobal
